
Microsoft Visual Studio Solution File, Format Version 12.00
# Visual Studio Version 16
VisualStudioVersion = 16.0.29418.71
MinimumVisualStudioVersion = 10.0.40219.1
Project("{FAE04EC0-301F-11D3-BF4B-00C04F79EFBC}") = "MonsterHunterCodex", "MonsterHunterCodex\MonsterHunterCodex.csproj", "{789CE4EF-3991-4F77-81BE-A4B6B950D3D2}"
EndProject
Global
	GlobalSection(SolutionConfigurationPlatforms) = preSolution
		Debug|Any CPU = Debug|Any CPU
		Release|Any CPU = Release|Any CPU
	EndGlobalSection
	GlobalSection(ProjectConfigurationPlatforms) = postSolution
		{789CE4EF-3991-4F77-81BE-A4B6B950D3D2}.Debug|Any CPU.ActiveCfg = Debug|Any CPU
		{789CE4EF-3991-4F77-81BE-A4B6B950D3D2}.Debug|Any CPU.Build.0 = Debug|Any CPU
		{789CE4EF-3991-4F77-81BE-A4B6B950D3D2}.Release|Any CPU.ActiveCfg = Release|Any CPU
		{789CE4EF-3991-4F77-81BE-A4B6B950D3D2}.Release|Any CPU.Build.0 = Release|Any CPU
	EndGlobalSection
	GlobalSection(SolutionProperties) = preSolution
		HideSolutionNode = FALSE
	EndGlobalSection
	GlobalSection(ExtensibilityGlobals) = postSolution
		SolutionGuid = {CC2CF59D-D5BB-456B-8ADC-BBC8A41885B0}
	EndGlobalSection
EndGlobal
